
Microsoft Visual Studio Solution File, Format Version 12.00
# Visual Studio Version 17
VisualStudioVersion = 17.6.33712.159
MinimumVisualStudioVersion = 10.0.40219.1
Project("{FAE04EC0-301F-11D3-BF4B-00C04F79EFBC}") = "PetFindMeShop.Web", "PetFindMeShop.Web\PetFindMeShop.Web.csproj", "{943F3749-CA8C-4DFD-8E7F-E1958572A1E7}"
EndProject
Project("{FAE04EC0-301F-11D3-BF4B-00C04F79EFBC}") = "PetFindMeShop.Data", "PetFindMeShop.Data\PetFindMeShop.Data.csproj", "{F4586525-F36E-421F-A48B-77C494EAD0ED}"
EndProject
Project("{FAE04EC0-301F-11D3-BF4B-00C04F79EFBC}") = "PetFindMeShop.Data.Models", "PetFindMeShop.Data.Models\PetFindMeShop.Data.Models.csproj", "{3391EB8D-F7FE-409C-B916-03CF8E4E8E53}"
EndProject
Project("{FAE04EC0-301F-11D3-BF4B-00C04F79EFBC}") = "PetFindMeShop.ViewModels", "PetFindMeShop.ViewModels\PetFindMeShop.ViewModels.csproj", "{A633BD66-CDA0-4530-81E3-8F7122CDDCEC}"
EndProject
Project("{FAE04EC0-301F-11D3-BF4B-00C04F79EFBC}") = "PetFindMeShop.Common", "PetFindMeShop.Common\PetFindMeShop.Common.csproj", "{3603BBE3-9305-49BF-8A6B-A80ACE8C11B8}"
EndProject
Project("{FAE04EC0-301F-11D3-BF4B-00C04F79EFBC}") = "PetFindMeShop.Services", "PetFindMeShop.Services\PetFindMeShop.Services.csproj", "{1332232C-3214-42EC-921C-FD843BA9A15D}"
EndProject
Global
	GlobalSection(SolutionConfigurationPlatforms) = preSolution
		Debug|Any CPU = Debug|Any CPU
		Release|Any CPU = Release|Any CPU
	EndGlobalSection
	GlobalSection(ProjectConfigurationPlatforms) = postSolution
		{943F3749-CA8C-4DFD-8E7F-E1958572A1E7}.Debug|Any CPU.ActiveCfg = Debug|Any CPU
		{943F3749-CA8C-4DFD-8E7F-E1958572A1E7}.Debug|Any CPU.Build.0 = Debug|Any CPU
		{943F3749-CA8C-4DFD-8E7F-E1958572A1E7}.Release|Any CPU.ActiveCfg = Release|Any CPU
		{943F3749-CA8C-4DFD-8E7F-E1958572A1E7}.Release|Any CPU.Build.0 = Release|Any CPU
		{F4586525-F36E-421F-A48B-77C494EAD0ED}.Debug|Any CPU.ActiveCfg = Debug|Any CPU
		{F4586525-F36E-421F-A48B-77C494EAD0ED}.Debug|Any CPU.Build.0 = Debug|Any CPU
		{F4586525-F36E-421F-A48B-77C494EAD0ED}.Release|Any CPU.ActiveCfg = Release|Any CPU
		{F4586525-F36E-421F-A48B-77C494EAD0ED}.Release|Any CPU.Build.0 = Release|Any CPU
		{3391EB8D-F7FE-409C-B916-03CF8E4E8E53}.Debug|Any CPU.ActiveCfg = Debug|Any CPU
		{3391EB8D-F7FE-409C-B916-03CF8E4E8E53}.Debug|Any CPU.Build.0 = Debug|Any CPU
		{3391EB8D-F7FE-409C-B916-03CF8E4E8E53}.Release|Any CPU.ActiveCfg = Release|Any CPU
		{3391EB8D-F7FE-409C-B916-03CF8E4E8E53}.Release|Any CPU.Build.0 = Release|Any CPU
		{A633BD66-CDA0-4530-81E3-8F7122CDDCEC}.Debug|Any CPU.ActiveCfg = Debug|Any CPU
		{A633BD66-CDA0-4530-81E3-8F7122CDDCEC}.Debug|Any CPU.Build.0 = Debug|Any CPU
		{A633BD66-CDA0-4530-81E3-8F7122CDDCEC}.Release|Any CPU.ActiveCfg = Release|Any CPU
		{A633BD66-CDA0-4530-81E3-8F7122CDDCEC}.Release|Any CPU.Build.0 = Release|Any CPU
		{3603BBE3-9305-49BF-8A6B-A80ACE8C11B8}.Debug|Any CPU.ActiveCfg = Debug|Any CPU
		{3603BBE3-9305-49BF-8A6B-A80ACE8C11B8}.Debug|Any CPU.Build.0 = Debug|Any CPU
		{3603BBE3-9305-49BF-8A6B-A80ACE8C11B8}.Release|Any CPU.ActiveCfg = Release|Any CPU
		{3603BBE3-9305-49BF-8A6B-A80ACE8C11B8}.Release|Any CPU.Build.0 = Release|Any CPU
		{1332232C-3214-42EC-921C-FD843BA9A15D}.Debug|Any CPU.ActiveCfg = Debug|Any CPU
		{1332232C-3214-42EC-921C-FD843BA9A15D}.Debug|Any CPU.Build.0 = Debug|Any CPU
		{1332232C-3214-42EC-921C-FD843BA9A15D}.Release|Any CPU.ActiveCfg = Release|Any CPU
		{1332232C-3214-42EC-921C-FD843BA9A15D}.Release|Any CPU.Build.0 = Release|Any CPU
	EndGlobalSection
	GlobalSection(SolutionProperties) = preSolution
		HideSolutionNode = FALSE
	EndGlobalSection
	GlobalSection(ExtensibilityGlobals) = postSolution
		SolutionGuid = {C136003B-57C8-4C93-85DF-AB4BAC1EF928}
	EndGlobalSection
EndGlobal
